
Microsoft Visual Studio Solution File, Format Version 12.00
# Visual Studio Version 16
VisualStudioVersion = 16.0.30804.86
MinimumVisualStudioVersion = 10.0.40219.1
Project("{FAE04EC0-301F-11D3-BF4B-00C04F79EFBC}") = "CheckAppVersion", "CheckAppVersion\CheckAppVersion.csproj", "{B3EED0C7-11D3-4F80-952E-C931EC7AB174}"
EndProject
Global
	GlobalSection(SolutionConfigurationPlatforms) = preSolution
		Debug|Any CPU = Debug|Any CPU
		Release|Any CPU = Release|Any CPU
	EndGlobalSection
	GlobalSection(ProjectConfigurationPlatforms) = postSolution
		{B3EED0C7-11D3-4F80-952E-C931EC7AB174}.Debug|Any CPU.ActiveCfg = Debug|Any CPU
		{B3EED0C7-11D3-4F80-952E-C931EC7AB174}.Debug|Any CPU.Build.0 = Debug|Any CPU
		{B3EED0C7-11D3-4F80-952E-C931EC7AB174}.Release|Any CPU.ActiveCfg = Release|Any CPU
		{B3EED0C7-11D3-4F80-952E-C931EC7AB174}.Release|Any CPU.Build.0 = Release|Any CPU
	EndGlobalSection
	GlobalSection(SolutionProperties) = preSolution
		HideSolutionNode = FALSE
	EndGlobalSection
	GlobalSection(ExtensibilityGlobals) = postSolution
		SolutionGuid = {D9386E07-07B0-4548-8A59-EC9F69D03774}
	EndGlobalSection
EndGlobal
